
Microsoft Visual Studio Solution File, Format Version 12.00
# Visual Studio 14
VisualStudioVersion = 14.0.25123.0
MinimumVisualStudioVersion = 10.0.40219.1
Project("{F2A71F9B-5D33-465A-A702-920D77279786}") = "AzureBingSpellCheck", "AzureBingSpellCheck\AzureBingSpellCheck.fsproj", "{B700922C-BFCA-4E00-AA99-CC1EA2225F0F}"
EndProject
Global
	GlobalSection(SolutionConfigurationPlatforms) = preSolution
		Debug|Any CPU = Debug|Any CPU
		Release|Any CPU = Release|Any CPU
	EndGlobalSection
	GlobalSection(ProjectConfigurationPlatforms) = postSolution
		{B700922C-BFCA-4E00-AA99-CC1EA2225F0F}.Debug|Any CPU.ActiveCfg = Debug|Any CPU
		{B700922C-BFCA-4E00-AA99-CC1EA2225F0F}.Debug|Any CPU.Build.0 = Debug|Any CPU
		{B700922C-BFCA-4E00-AA99-CC1EA2225F0F}.Release|Any CPU.ActiveCfg = Release|Any CPU
		{B700922C-BFCA-4E00-AA99-CC1EA2225F0F}.Release|Any CPU.Build.0 = Release|Any CPU
	EndGlobalSection
	GlobalSection(SolutionProperties) = preSolution
		HideSolutionNode = FALSE
	EndGlobalSection
EndGlobal
